
Microsoft Visual Studio Solution File, Format Version 12.00
# Visual Studio Version 16
VisualStudioVersion = 16.0.29201.188
MinimumVisualStudioVersion = 10.0.40219.1
Project("{9A19103F-16F7-4668-BE54-9A1E7A4F7556}") = "Opg_40_1_BrugAfVariabler", "BrugAfVariabler\Opg_40_1_BrugAfVariabler.csproj", "{1741B787-B9C0-4F22-8D95-C0903A4EE264}"
EndProject
Project("{9A19103F-16F7-4668-BE54-9A1E7A4F7556}") = "Opg_40_2_Regnemaskine", "Opg_40_2_Regnemaskine\Opg_40_2_Regnemaskine.csproj", "{DC07621D-DCAF-4AE6-BAD4-EDF03DB41031}"
EndProject
Project("{9A19103F-16F7-4668-BE54-9A1E7A4F7556}") = "Test", "Test\Test.csproj", "{BB17550B-136B-4E5C-A5FE-C132D9B04C51}"
EndProject
Project("{9A19103F-16F7-4668-BE54-9A1E7A4F7556}") = "Opg_45_1_DateTime", "Opg_45_1_DateTime\Opg_45_1_DateTime.csproj", "{5D650600-ED78-40D0-9605-31EE0E54F45A}"
EndProject
Project("{9A19103F-16F7-4668-BE54-9A1E7A4F7556}") = "Opg_25_1_DebugTest", "Opg_25_1_Debug\Opg_25_1_DebugTest.csproj", "{118AFAA5-AE63-4748-BD4A-4F17D0F3E03A}"
EndProject
Project("{9A19103F-16F7-4668-BE54-9A1E7A4F7556}") = "Opg_45_2_Strenge", "Opg_45_2_Strenge\Opg_45_2_Strenge.csproj", "{EEB6CC65-1230-42DC-B777-C04B7CA5AE8E}"
EndProject
Project("{9A19103F-16F7-4668-BE54-9A1E7A4F7556}") = "Opg_48_1_Enum", "Opg_48_1_Enum\Opg_48_1_Enum.csproj", "{511414D4-5CE9-456B-A947-B2B1AF40A007}"
EndProject
Project("{9A19103F-16F7-4668-BE54-9A1E7A4F7556}") = "Opg_50_2_Break", "Opg_50_2_Break\Opg_50_2_Break.csproj", "{B52EA396-E3A5-4F0F-A7F7-1C7E2DA12DE0}"
EndProject
Project("{9A19103F-16F7-4668-BE54-9A1E7A4F7556}") = "Opg_50_1_For_If", "Opg_50_1_For_If\Opg_50_1_For_If.csproj", "{FBD97A82-D58C-4760-9116-34DCB89DDEC1}"
EndProject
Project("{9A19103F-16F7-4668-BE54-9A1E7A4F7556}") = "Opg_65_1_SimpelFejlhåndtering", "Opg_65_1_SimpelFejlhåndtering\Opg_65_1_SimpelFejlhåndtering.csproj", "{48CE2578-FAF9-4436-BFD7-F190CE1BEDCD}"
EndProject
Project("{9A19103F-16F7-4668-BE54-9A1E7A4F7556}") = "Opg_65_2_EgneExceptions", "Opg_65_2_EgneExceptions\Opg_65_2_EgneExceptions.csproj", "{5FEF13F2-9506-4FDC-BFA8-CDE2B33E4F03}"
EndProject
Project("{9A19103F-16F7-4668-BE54-9A1E7A4F7556}") = "Opg_60_1_Metoder_simple", "Opg_60_1_Metoder_simple\Opg_60_1_Metoder_simple.csproj", "{7DD0AD0B-54C7-446E-A6F8-E40F049BB1CE}"
EndProject
Project("{9A19103F-16F7-4668-BE54-9A1E7A4F7556}") = "Opg_60_2_Metoder_Statisk", "Opg_60_2_Metoder_Statisk\Opg_60_2_Metoder_Statisk.csproj", "{AA7674C4-1273-460D-BBF9-1764C123257D}"
EndProject
Project("{9A19103F-16F7-4668-BE54-9A1E7A4F7556}") = "Opg_60_3_Metoder_Overload", "Opg_60_3_Metoder_Overload\Opg_60_3_Metoder_Overload.csproj", "{3D1006A0-4CA6-4157-AF5D-628BE152A167}"
EndProject
Project("{9A19103F-16F7-4668-BE54-9A1E7A4F7556}") = "Opg_70_1_Array_simpel", "Opg_70_1_Array_opret\Opg_70_1_Array_simpel.csproj", "{E75BC628-3F97-4EA5-96D0-AD66AA195193}"
EndProject
Project("{9A19103F-16F7-4668-BE54-9A1E7A4F7556}") = "Opg_70_2_Arrays_split", "Opg_70_2_Arrays_split\Opg_70_2_Arrays_split.csproj", "{FE5A381C-C879-4198-AAE3-A770B94941D3}"
EndProject
Project("{9A19103F-16F7-4668-BE54-9A1E7A4F7556}") = "Opg_75_1_Samlinger_simpel", "Opg_75_1_Samlinger_simpel\Opg_75_1_Samlinger_simpel.csproj", "{CE127052-2936-45FA-A07E-639B4FB47FA6}"
EndProject
Project("{9A19103F-16F7-4668-BE54-9A1E7A4F7556}") = "Opg_70_3_Array2D", "Opg_70_3_Array2D\Opg_70_3_Array2D.csproj", "{3E3A228F-1C9F-47D7-AA06-482AC24907C6}"
EndProject
Project("{9A19103F-16F7-4668-BE54-9A1E7A4F7556}") = "Opg_80_1_KLasse_simpel", "Opg_80_1_KLasse_simpel\Opg_80_1_KLasse_simpel.csproj", "{099594CD-E901-432C-9713-B4F7C59123F8}"
EndProject
Project("{9A19103F-16F7-4668-BE54-9A1E7A4F7556}") = "Opg_80_2_Klasse_terning", "Opg_80_2_Klasse_terning\Opg_80_2_Klasse_terning.csproj", "{C62B59A6-41E4-49A1-80F7-2EB5DEAE8D33}"
EndProject
Project("{9A19103F-16F7-4668-BE54-9A1E7A4F7556}") = "Opg_80_3_Klasse_bæger", "Opg_80_3_Klasse_bæger\Opg_80_3_Klasse_bæger.csproj", "{F42604EB-0812-478B-8C16-7CEBF7F2E482}"
EndProject
Project("{9A19103F-16F7-4668-BE54-9A1E7A4F7556}") = "Opg_87_1_Struct_vs_Class", "Opg_87_1_Struct_vs_Class\Opg_87_1_Struct_vs_Class.csproj", "{ACD924F0-1DBA-40E9-A3EB-C24140AC444E}"
EndProject
Project("{9A19103F-16F7-4668-BE54-9A1E7A4F7556}") = "Opg_87_2_Stack_Heap", "Opg_87_2_Stack_Heap\Opg_87_2_Stack_Heap.csproj", "{AD3CD007-B000-4154-BDB3-5E560B7ACD48}"
EndProject
Project("{9A19103F-16F7-4668-BE54-9A1E7A4F7556}") = "Opg_80_4_Klasser_statisk", "Opg_80_4_Klasser_statisk\Opg_80_4_Klasser_statisk.csproj", "{71018337-9B48-43BD-9CE2-DC73BDDFC8CF}"
EndProject
Project("{9A19103F-16F7-4668-BE54-9A1E7A4F7556}") = "Opg_90_0_Konto", "Opg_90_0_Konto\Opg_90_0_Konto.csproj", "{01E83DBC-071E-48D8-AA2F-ECD5206CFC69}"
EndProject
Project("{9A19103F-16F7-4668-BE54-9A1E7A4F7556}") = "Opg_90_Egenskab_demo", "Opg_90_Egenskab_demo\Opg_90_Egenskab_demo.csproj", "{7A7FA5EA-EE9A-4380-AE56-DFD06E40962B}"
EndProject
Project("{9A19103F-16F7-4668-BE54-9A1E7A4F7556}") = "Opg_90_1_Komplette egenskaber", "Opg_90_1_Komplette egenskaber\Opg_90_1_Komplette egenskaber.csproj", "{8EC47B50-CED1-4CA8-B2EA-5E4AA8637F6A}"
EndProject
Project("{9A19103F-16F7-4668-BE54-9A1E7A4F7556}") = "Opg_90_3_Egenskaber_automatisk", "Opg_90_3_Egenskaber_automatisk\Opg_90_3_Egenskaber_automatisk.csproj", "{49F2E8C1-3D25-489F-8B3B-77E47D72C03F}"
EndProject
Project("{9A19103F-16F7-4668-BE54-9A1E7A4F7556}") = "Opg_100_1_Simpel arv", "Opg_100_1_Simpel arv\Opg_100_1_Simpel arv.csproj", "{B0B331F3-5D0A-4D8E-AC4F-13C81BB5BC1B}"
EndProject
Project("{9A19103F-16F7-4668-BE54-9A1E7A4F7556}") = "Opg_100_2_Arv_random", "Opg_100_2_Arv_random\Opg_100_2_Arv_random.csproj", "{FC16CDA3-71E0-402B-981B-8A54A7017500}"
EndProject
Project("{9A19103F-16F7-4668-BE54-9A1E7A4F7556}") = "Opg_90_4_Egenskaber_terning", "Opg_90_4_Egenskaber_terning\Opg_90_4_Egenskaber_terning.csproj", "{C6801351-CEB4-4693-BD90-30D63A59461E}"
EndProject
Project("{9A19103F-16F7-4668-BE54-9A1E7A4F7556}") = "Opg_100_3_Arv_terning", "Opg_100_3_Arv_terning\Opg_100_3_Arv_terning.csproj", "{978E2A94-42B7-4DB0-B0C7-07EB0322903E}"
EndProject
Project("{9A19103F-16F7-4668-BE54-9A1E7A4F7556}") = "Opg_105_1_Arv_polymorfi", "Opg_105_1_Arv_polymorfi\Opg_105_1_Arv_polymorfi.csproj", "{9BC07849-C326-4826-B44B-A3F9BA37C787}"
EndProject
Project("{9A19103F-16F7-4668-BE54-9A1E7A4F7556}") = "Opg_105_3_Arv_Abstrakt_klasse", "Opg_105_3_Arv_Abstrakt_klasse\Opg_105_3_Arv_Abstrakt_klasse.csproj", "{5D2AAA05-E58E-4576-B402-66CE72DC7A79}"
EndProject
Project("{9A19103F-16F7-4668-BE54-9A1E7A4F7556}") = "Opg_105_4_Arv_Polymorfi", "Opg_105_4_Arv_Polymorfi\Opg_105_4_Arv_Polymorfi.csproj", "{8D6A9099-CE79-46C1-98AB-856FA56B42AA}"
EndProject
Project("{9A19103F-16F7-4668-BE54-9A1E7A4F7556}") = "Opg_110_1_Eget_Interface", "Opg_110_1_Eget_Interface\Opg_110_1_Eget_Interface.csproj", "{2E7F8942-E43E-4F3A-8F94-C29FD256FBEE}"
EndProject
Project("{9A19103F-16F7-4668-BE54-9A1E7A4F7556}") = "Opg_110_2_IComparable", "Opg_110_2_IComparable\Opg_110_2_IComparable.csproj", "{22470A7F-B926-4A9C-B685-20578A344523}"
EndProject
Project("{9A19103F-16F7-4668-BE54-9A1E7A4F7556}") = "Opg_120_1_Delegates_grundlæggende", "Opg_120_1_Delegates_grundlæggende\Opg_120_1_Delegates_grundlæggende.csproj", "{C5EB1FE2-25A0-4894-86C7-3E9D32612FEB}"
EndProject
Project("{9A19103F-16F7-4668-BE54-9A1E7A4F7556}") = "Opg_120_2_Delegates_beregner", "Opg_120_2_Delegates_beregner\Opg_120_2_Delegates_beregner.csproj", "{BCD51BF9-51B0-411A-B5E3-D799D787F8D8}"
EndProject
Project("{9A19103F-16F7-4668-BE54-9A1E7A4F7556}") = "Opg_120_3_Delegates_log", "Opg_120_3_Delegates_log\Opg_120_3_Delegates_log.csproj", "{99D81CE8-654A-48E7-BEAC-C52AB830D723}"
EndProject
Project("{FAE04EC0-301F-11D3-BF4B-00C04F79EFBC}") = "Opg_120_4_Delegates_Beregner_func", "Opg_120_4_Delegates_Beregner_func\Opg_120_4_Delegates_Beregner_func.csproj", "{4A4C4D1A-EF85-442C-9742-BCA422BEAFFD}"
EndProject
Project("{FAE04EC0-301F-11D3-BF4B-00C04F79EFBC}") = "Opg_120_5_Delegates_Lambda", "Opg_120_5_Delegates_Lambda\Opg_120_5_Delegates_Lambda.csproj", "{DDF87FCC-B7A9-42BF-B45D-CD4966DE402B}"
EndProject
Global
	GlobalSection(SolutionConfigurationPlatforms) = preSolution
		Debug|Any CPU = Debug|Any CPU
		Release|Any CPU = Release|Any CPU
	EndGlobalSection
	GlobalSection(ProjectConfigurationPlatforms) = postSolution
		{1741B787-B9C0-4F22-8D95-C0903A4EE264}.Debug|Any CPU.ActiveCfg = Debug|Any CPU
		{1741B787-B9C0-4F22-8D95-C0903A4EE264}.Debug|Any CPU.Build.0 = Debug|Any CPU
		{1741B787-B9C0-4F22-8D95-C0903A4EE264}.Release|Any CPU.ActiveCfg = Release|Any CPU
		{1741B787-B9C0-4F22-8D95-C0903A4EE264}.Release|Any CPU.Build.0 = Release|Any CPU
		{DC07621D-DCAF-4AE6-BAD4-EDF03DB41031}.Debug|Any CPU.ActiveCfg = Debug|Any CPU
		{DC07621D-DCAF-4AE6-BAD4-EDF03DB41031}.Debug|Any CPU.Build.0 = Debug|Any CPU
		{DC07621D-DCAF-4AE6-BAD4-EDF03DB41031}.Release|Any CPU.ActiveCfg = Release|Any CPU
		{DC07621D-DCAF-4AE6-BAD4-EDF03DB41031}.Release|Any CPU.Build.0 = Release|Any CPU
		{BB17550B-136B-4E5C-A5FE-C132D9B04C51}.Debug|Any CPU.ActiveCfg = Debug|Any CPU
		{BB17550B-136B-4E5C-A5FE-C132D9B04C51}.Debug|Any CPU.Build.0 = Debug|Any CPU
		{BB17550B-136B-4E5C-A5FE-C132D9B04C51}.Release|Any CPU.ActiveCfg = Release|Any CPU
		{BB17550B-136B-4E5C-A5FE-C132D9B04C51}.Release|Any CPU.Build.0 = Release|Any CPU
		{5D650600-ED78-40D0-9605-31EE0E54F45A}.Debug|Any CPU.ActiveCfg = Debug|Any CPU
		{5D650600-ED78-40D0-9605-31EE0E54F45A}.Debug|Any CPU.Build.0 = Debug|Any CPU
		{5D650600-ED78-40D0-9605-31EE0E54F45A}.Release|Any CPU.ActiveCfg = Release|Any CPU
		{5D650600-ED78-40D0-9605-31EE0E54F45A}.Release|Any CPU.Build.0 = Release|Any CPU
		{118AFAA5-AE63-4748-BD4A-4F17D0F3E03A}.Debug|Any CPU.ActiveCfg = Debug|Any CPU
		{118AFAA5-AE63-4748-BD4A-4F17D0F3E03A}.Debug|Any CPU.Build.0 = Debug|Any CPU
		{118AFAA5-AE63-4748-BD4A-4F17D0F3E03A}.Release|Any CPU.ActiveCfg = Release|Any CPU
		{118AFAA5-AE63-4748-BD4A-4F17D0F3E03A}.Release|Any CPU.Build.0 = Release|Any CPU
		{EEB6CC65-1230-42DC-B777-C04B7CA5AE8E}.Debug|Any CPU.ActiveCfg = Debug|Any CPU
		{EEB6CC65-1230-42DC-B777-C04B7CA5AE8E}.Debug|Any CPU.Build.0 = Debug|Any CPU
		{EEB6CC65-1230-42DC-B777-C04B7CA5AE8E}.Release|Any CPU.ActiveCfg = Release|Any CPU
		{EEB6CC65-1230-42DC-B777-C04B7CA5AE8E}.Release|Any CPU.Build.0 = Release|Any CPU
		{511414D4-5CE9-456B-A947-B2B1AF40A007}.Debug|Any CPU.ActiveCfg = Debug|Any CPU
		{511414D4-5CE9-456B-A947-B2B1AF40A007}.Debug|Any CPU.Build.0 = Debug|Any CPU
		{511414D4-5CE9-456B-A947-B2B1AF40A007}.Release|Any CPU.ActiveCfg = Release|Any CPU
		{511414D4-5CE9-456B-A947-B2B1AF40A007}.Release|Any CPU.Build.0 = Release|Any CPU
		{B52EA396-E3A5-4F0F-A7F7-1C7E2DA12DE0}.Debug|Any CPU.ActiveCfg = Debug|Any CPU
		{B52EA396-E3A5-4F0F-A7F7-1C7E2DA12DE0}.Debug|Any CPU.Build.0 = Debug|Any CPU
		{B52EA396-E3A5-4F0F-A7F7-1C7E2DA12DE0}.Release|Any CPU.ActiveCfg = Release|Any CPU
		{B52EA396-E3A5-4F0F-A7F7-1C7E2DA12DE0}.Release|Any CPU.Build.0 = Release|Any CPU
		{FBD97A82-D58C-4760-9116-34DCB89DDEC1}.Debug|Any CPU.ActiveCfg = Debug|Any CPU
		{FBD97A82-D58C-4760-9116-34DCB89DDEC1}.Debug|Any CPU.Build.0 = Debug|Any CPU
		{FBD97A82-D58C-4760-9116-34DCB89DDEC1}.Release|Any CPU.ActiveCfg = Release|Any CPU
		{FBD97A82-D58C-4760-9116-34DCB89DDEC1}.Release|Any CPU.Build.0 = Release|Any CPU
		{48CE2578-FAF9-4436-BFD7-F190CE1BEDCD}.Debug|Any CPU.ActiveCfg = Debug|Any CPU
		{48CE2578-FAF9-4436-BFD7-F190CE1BEDCD}.Debug|Any CPU.Build.0 = Debug|Any CPU
		{48CE2578-FAF9-4436-BFD7-F190CE1BEDCD}.Release|Any CPU.ActiveCfg = Release|Any CPU
		{48CE2578-FAF9-4436-BFD7-F190CE1BEDCD}.Release|Any CPU.Build.0 = Release|Any CPU
		{5FEF13F2-9506-4FDC-BFA8-CDE2B33E4F03}.Debug|Any CPU.ActiveCfg = Debug|Any CPU
		{5FEF13F2-9506-4FDC-BFA8-CDE2B33E4F03}.Debug|Any CPU.Build.0 = Debug|Any CPU
		{5FEF13F2-9506-4FDC-BFA8-CDE2B33E4F03}.Release|Any CPU.ActiveCfg = Release|Any CPU
		{5FEF13F2-9506-4FDC-BFA8-CDE2B33E4F03}.Release|Any CPU.Build.0 = Release|Any CPU
		{7DD0AD0B-54C7-446E-A6F8-E40F049BB1CE}.Debug|Any CPU.ActiveCfg = Debug|Any CPU
		{7DD0AD0B-54C7-446E-A6F8-E40F049BB1CE}.Debug|Any CPU.Build.0 = Debug|Any CPU
		{7DD0AD0B-54C7-446E-A6F8-E40F049BB1CE}.Release|Any CPU.ActiveCfg = Release|Any CPU
		{7DD0AD0B-54C7-446E-A6F8-E40F049BB1CE}.Release|Any CPU.Build.0 = Release|Any CPU
		{AA7674C4-1273-460D-BBF9-1764C123257D}.Debug|Any CPU.ActiveCfg = Debug|Any CPU
		{AA7674C4-1273-460D-BBF9-1764C123257D}.Debug|Any CPU.Build.0 = Debug|Any CPU
		{AA7674C4-1273-460D-BBF9-1764C123257D}.Release|Any CPU.ActiveCfg = Release|Any CPU
		{AA7674C4-1273-460D-BBF9-1764C123257D}.Release|Any CPU.Build.0 = Release|Any CPU
		{3D1006A0-4CA6-4157-AF5D-628BE152A167}.Debug|Any CPU.ActiveCfg = Debug|Any CPU
		{3D1006A0-4CA6-4157-AF5D-628BE152A167}.Debug|Any CPU.Build.0 = Debug|Any CPU
		{3D1006A0-4CA6-4157-AF5D-628BE152A167}.Release|Any CPU.ActiveCfg = Release|Any CPU
		{3D1006A0-4CA6-4157-AF5D-628BE152A167}.Release|Any CPU.Build.0 = Release|Any CPU
		{E75BC628-3F97-4EA5-96D0-AD66AA195193}.Debug|Any CPU.ActiveCfg = Debug|Any CPU
		{E75BC628-3F97-4EA5-96D0-AD66AA195193}.Debug|Any CPU.Build.0 = Debug|Any CPU
		{E75BC628-3F97-4EA5-96D0-AD66AA195193}.Release|Any CPU.ActiveCfg = Release|Any CPU
		{E75BC628-3F97-4EA5-96D0-AD66AA195193}.Release|Any CPU.Build.0 = Release|Any CPU
		{FE5A381C-C879-4198-AAE3-A770B94941D3}.Debug|Any CPU.ActiveCfg = Debug|Any CPU
		{FE5A381C-C879-4198-AAE3-A770B94941D3}.Debug|Any CPU.Build.0 = Debug|Any CPU
		{FE5A381C-C879-4198-AAE3-A770B94941D3}.Release|Any CPU.ActiveCfg = Release|Any CPU
		{FE5A381C-C879-4198-AAE3-A770B94941D3}.Release|Any CPU.Build.0 = Release|Any CPU
		{CE127052-2936-45FA-A07E-639B4FB47FA6}.Debug|Any CPU.ActiveCfg = Debug|Any CPU
		{CE127052-2936-45FA-A07E-639B4FB47FA6}.Debug|Any CPU.Build.0 = Debug|Any CPU
		{CE127052-2936-45FA-A07E-639B4FB47FA6}.Release|Any CPU.ActiveCfg = Release|Any CPU
		{CE127052-2936-45FA-A07E-639B4FB47FA6}.Release|Any CPU.Build.0 = Release|Any CPU
		{3E3A228F-1C9F-47D7-AA06-482AC24907C6}.Debug|Any CPU.ActiveCfg = Debug|Any CPU
		{3E3A228F-1C9F-47D7-AA06-482AC24907C6}.Debug|Any CPU.Build.0 = Debug|Any CPU
		{3E3A228F-1C9F-47D7-AA06-482AC24907C6}.Release|Any CPU.ActiveCfg = Release|Any CPU
		{3E3A228F-1C9F-47D7-AA06-482AC24907C6}.Release|Any CPU.Build.0 = Release|Any CPU
		{099594CD-E901-432C-9713-B4F7C59123F8}.Debug|Any CPU.ActiveCfg = Debug|Any CPU
		{099594CD-E901-432C-9713-B4F7C59123F8}.Debug|Any CPU.Build.0 = Debug|Any CPU
		{099594CD-E901-432C-9713-B4F7C59123F8}.Release|Any CPU.ActiveCfg = Release|Any CPU
		{099594CD-E901-432C-9713-B4F7C59123F8}.Release|Any CPU.Build.0 = Release|Any CPU
		{C62B59A6-41E4-49A1-80F7-2EB5DEAE8D33}.Debug|Any CPU.ActiveCfg = Debug|Any CPU
		{C62B59A6-41E4-49A1-80F7-2EB5DEAE8D33}.Debug|Any CPU.Build.0 = Debug|Any CPU
		{C62B59A6-41E4-49A1-80F7-2EB5DEAE8D33}.Release|Any CPU.ActiveCfg = Release|Any CPU
		{C62B59A6-41E4-49A1-80F7-2EB5DEAE8D33}.Release|Any CPU.Build.0 = Release|Any CPU
		{F42604EB-0812-478B-8C16-7CEBF7F2E482}.Debug|Any CPU.ActiveCfg = Debug|Any CPU
		{F42604EB-0812-478B-8C16-7CEBF7F2E482}.Debug|Any CPU.Build.0 = Debug|Any CPU
		{F42604EB-0812-478B-8C16-7CEBF7F2E482}.Release|Any CPU.ActiveCfg = Release|Any CPU
		{F42604EB-0812-478B-8C16-7CEBF7F2E482}.Release|Any CPU.Build.0 = Release|Any CPU
		{ACD924F0-1DBA-40E9-A3EB-C24140AC444E}.Debug|Any CPU.ActiveCfg = Debug|Any CPU
		{ACD924F0-1DBA-40E9-A3EB-C24140AC444E}.Debug|Any CPU.Build.0 = Debug|Any CPU
		{ACD924F0-1DBA-40E9-A3EB-C24140AC444E}.Release|Any CPU.ActiveCfg = Release|Any CPU
		{ACD924F0-1DBA-40E9-A3EB-C24140AC444E}.Release|Any CPU.Build.0 = Release|Any CPU
		{AD3CD007-B000-4154-BDB3-5E560B7ACD48}.Debug|Any CPU.ActiveCfg = Debug|Any CPU
		{AD3CD007-B000-4154-BDB3-5E560B7ACD48}.Debug|Any CPU.Build.0 = Debug|Any CPU
		{AD3CD007-B000-4154-BDB3-5E560B7ACD48}.Release|Any CPU.ActiveCfg = Release|Any CPU
		{AD3CD007-B000-4154-BDB3-5E560B7ACD48}.Release|Any CPU.Build.0 = Release|Any CPU
		{71018337-9B48-43BD-9CE2-DC73BDDFC8CF}.Debug|Any CPU.ActiveCfg = Debug|Any CPU
		{71018337-9B48-43BD-9CE2-DC73BDDFC8CF}.Debug|Any CPU.Build.0 = Debug|Any CPU
		{71018337-9B48-43BD-9CE2-DC73BDDFC8CF}.Release|Any CPU.ActiveCfg = Release|Any CPU
		{71018337-9B48-43BD-9CE2-DC73BDDFC8CF}.Release|Any CPU.Build.0 = Release|Any CPU
		{01E83DBC-071E-48D8-AA2F-ECD5206CFC69}.Debug|Any CPU.ActiveCfg = Debug|Any CPU
		{01E83DBC-071E-48D8-AA2F-ECD5206CFC69}.Debug|Any CPU.Build.0 = Debug|Any CPU
		{01E83DBC-071E-48D8-AA2F-ECD5206CFC69}.Release|Any CPU.ActiveCfg = Release|Any CPU
		{01E83DBC-071E-48D8-AA2F-ECD5206CFC69}.Release|Any CPU.Build.0 = Release|Any CPU
		{7A7FA5EA-EE9A-4380-AE56-DFD06E40962B}.Debug|Any CPU.ActiveCfg = Debug|Any CPU
		{7A7FA5EA-EE9A-4380-AE56-DFD06E40962B}.Debug|Any CPU.Build.0 = Debug|Any CPU
		{7A7FA5EA-EE9A-4380-AE56-DFD06E40962B}.Release|Any CPU.ActiveCfg = Release|Any CPU
		{7A7FA5EA-EE9A-4380-AE56-DFD06E40962B}.Release|Any CPU.Build.0 = Release|Any CPU
		{8EC47B50-CED1-4CA8-B2EA-5E4AA8637F6A}.Debug|Any CPU.ActiveCfg = Debug|Any CPU
		{8EC47B50-CED1-4CA8-B2EA-5E4AA8637F6A}.Debug|Any CPU.Build.0 = Debug|Any CPU
		{8EC47B50-CED1-4CA8-B2EA-5E4AA8637F6A}.Release|Any CPU.ActiveCfg = Release|Any CPU
		{8EC47B50-CED1-4CA8-B2EA-5E4AA8637F6A}.Release|Any CPU.Build.0 = Release|Any CPU
		{49F2E8C1-3D25-489F-8B3B-77E47D72C03F}.Debug|Any CPU.ActiveCfg = Debug|Any CPU
		{49F2E8C1-3D25-489F-8B3B-77E47D72C03F}.Debug|Any CPU.Build.0 = Debug|Any CPU
		{49F2E8C1-3D25-489F-8B3B-77E47D72C03F}.Release|Any CPU.ActiveCfg = Release|Any CPU
		{49F2E8C1-3D25-489F-8B3B-77E47D72C03F}.Release|Any CPU.Build.0 = Release|Any CPU
		{B0B331F3-5D0A-4D8E-AC4F-13C81BB5BC1B}.Debug|Any CPU.ActiveCfg = Debug|Any CPU
		{B0B331F3-5D0A-4D8E-AC4F-13C81BB5BC1B}.Debug|Any CPU.Build.0 = Debug|Any CPU
		{B0B331F3-5D0A-4D8E-AC4F-13C81BB5BC1B}.Release|Any CPU.ActiveCfg = Release|Any CPU
		{B0B331F3-5D0A-4D8E-AC4F-13C81BB5BC1B}.Release|Any CPU.Build.0 = Release|Any CPU
		{FC16CDA3-71E0-402B-981B-8A54A7017500}.Debug|Any CPU.ActiveCfg = Debug|Any CPU
		{FC16CDA3-71E0-402B-981B-8A54A7017500}.Debug|Any CPU.Build.0 = Debug|Any CPU
		{FC16CDA3-71E0-402B-981B-8A54A7017500}.Release|Any CPU.ActiveCfg = Release|Any CPU
		{FC16CDA3-71E0-402B-981B-8A54A7017500}.Release|Any CPU.Build.0 = Release|Any CPU
		{C6801351-CEB4-4693-BD90-30D63A59461E}.Debug|Any CPU.ActiveCfg = Debug|Any CPU
		{C6801351-CEB4-4693-BD90-30D63A59461E}.Debug|Any CPU.Build.0 = Debug|Any CPU
		{C6801351-CEB4-4693-BD90-30D63A59461E}.Release|Any CPU.ActiveCfg = Release|Any CPU
		{C6801351-CEB4-4693-BD90-30D63A59461E}.Release|Any CPU.Build.0 = Release|Any CPU
		{978E2A94-42B7-4DB0-B0C7-07EB0322903E}.Debug|Any CPU.ActiveCfg = Debug|Any CPU
		{978E2A94-42B7-4DB0-B0C7-07EB0322903E}.Debug|Any CPU.Build.0 = Debug|Any CPU
		{978E2A94-42B7-4DB0-B0C7-07EB0322903E}.Release|Any CPU.ActiveCfg = Release|Any CPU
		{978E2A94-42B7-4DB0-B0C7-07EB0322903E}.Release|Any CPU.Build.0 = Release|Any CPU
		{9BC07849-C326-4826-B44B-A3F9BA37C787}.Debug|Any CPU.ActiveCfg = Debug|Any CPU
		{9BC07849-C326-4826-B44B-A3F9BA37C787}.Debug|Any CPU.Build.0 = Debug|Any CPU
		{9BC07849-C326-4826-B44B-A3F9BA37C787}.Release|Any CPU.ActiveCfg = Release|Any CPU
		{9BC07849-C326-4826-B44B-A3F9BA37C787}.Release|Any CPU.Build.0 = Release|Any CPU
		{5D2AAA05-E58E-4576-B402-66CE72DC7A79}.Debug|Any CPU.ActiveCfg = Debug|Any CPU
		{5D2AAA05-E58E-4576-B402-66CE72DC7A79}.Debug|Any CPU.Build.0 = Debug|Any CPU
		{5D2AAA05-E58E-4576-B402-66CE72DC7A79}.Release|Any CPU.ActiveCfg = Release|Any CPU
		{5D2AAA05-E58E-4576-B402-66CE72DC7A79}.Release|Any CPU.Build.0 = Release|Any CPU
		{8D6A9099-CE79-46C1-98AB-856FA56B42AA}.Debug|Any CPU.ActiveCfg = Debug|Any CPU
		{8D6A9099-CE79-46C1-98AB-856FA56B42AA}.Debug|Any CPU.Build.0 = Debug|Any CPU
		{8D6A9099-CE79-46C1-98AB-856FA56B42AA}.Release|Any CPU.ActiveCfg = Release|Any CPU
		{8D6A9099-CE79-46C1-98AB-856FA56B42AA}.Release|Any CPU.Build.0 = Release|Any CPU
		{2E7F8942-E43E-4F3A-8F94-C29FD256FBEE}.Debug|Any CPU.ActiveCfg = Debug|Any CPU
		{2E7F8942-E43E-4F3A-8F94-C29FD256FBEE}.Debug|Any CPU.Build.0 = Debug|Any CPU
		{2E7F8942-E43E-4F3A-8F94-C29FD256FBEE}.Release|Any CPU.ActiveCfg = Release|Any CPU
		{2E7F8942-E43E-4F3A-8F94-C29FD256FBEE}.Release|Any CPU.Build.0 = Release|Any CPU
		{22470A7F-B926-4A9C-B685-20578A344523}.Debug|Any CPU.ActiveCfg = Debug|Any CPU
		{22470A7F-B926-4A9C-B685-20578A344523}.Debug|Any CPU.Build.0 = Debug|Any CPU
		{22470A7F-B926-4A9C-B685-20578A344523}.Release|Any CPU.ActiveCfg = Release|Any CPU
		{22470A7F-B926-4A9C-B685-20578A344523}.Release|Any CPU.Build.0 = Release|Any CPU
		{C5EB1FE2-25A0-4894-86C7-3E9D32612FEB}.Debug|Any CPU.ActiveCfg = Debug|Any CPU
		{C5EB1FE2-25A0-4894-86C7-3E9D32612FEB}.Debug|Any CPU.Build.0 = Debug|Any CPU
		{C5EB1FE2-25A0-4894-86C7-3E9D32612FEB}.Release|Any CPU.ActiveCfg = Release|Any CPU
		{C5EB1FE2-25A0-4894-86C7-3E9D32612FEB}.Release|Any CPU.Build.0 = Release|Any CPU
		{BCD51BF9-51B0-411A-B5E3-D799D787F8D8}.Debug|Any CPU.ActiveCfg = Debug|Any CPU
		{BCD51BF9-51B0-411A-B5E3-D799D787F8D8}.Debug|Any CPU.Build.0 = Debug|Any CPU
		{BCD51BF9-51B0-411A-B5E3-D799D787F8D8}.Release|Any CPU.ActiveCfg = Release|Any CPU
		{BCD51BF9-51B0-411A-B5E3-D799D787F8D8}.Release|Any CPU.Build.0 = Release|Any CPU
		{99D81CE8-654A-48E7-BEAC-C52AB830D723}.Debug|Any CPU.ActiveCfg = Debug|Any CPU
		{99D81CE8-654A-48E7-BEAC-C52AB830D723}.Debug|Any CPU.Build.0 = Debug|Any CPU
		{99D81CE8-654A-48E7-BEAC-C52AB830D723}.Release|Any CPU.ActiveCfg = Release|Any CPU
		{99D81CE8-654A-48E7-BEAC-C52AB830D723}.Release|Any CPU.Build.0 = Release|Any CPU
		{4A4C4D1A-EF85-442C-9742-BCA422BEAFFD}.Debug|Any CPU.ActiveCfg = Debug|Any CPU
		{4A4C4D1A-EF85-442C-9742-BCA422BEAFFD}.Debug|Any CPU.Build.0 = Debug|Any CPU
		{4A4C4D1A-EF85-442C-9742-BCA422BEAFFD}.Release|Any CPU.ActiveCfg = Release|Any CPU
		{4A4C4D1A-EF85-442C-9742-BCA422BEAFFD}.Release|Any CPU.Build.0 = Release|Any CPU
		{DDF87FCC-B7A9-42BF-B45D-CD4966DE402B}.Debug|Any CPU.ActiveCfg = Debug|Any CPU
		{DDF87FCC-B7A9-42BF-B45D-CD4966DE402B}.Debug|Any CPU.Build.0 = Debug|Any CPU
		{DDF87FCC-B7A9-42BF-B45D-CD4966DE402B}.Release|Any CPU.ActiveCfg = Release|Any CPU
		{DDF87FCC-B7A9-42BF-B45D-CD4966DE402B}.Release|Any CPU.Build.0 = Release|Any CPU
	EndGlobalSection
	GlobalSection(SolutionProperties) = preSolution
		HideSolutionNode = FALSE
	EndGlobalSection
	GlobalSection(ExtensibilityGlobals) = postSolution
		SolutionGuid = {58B38234-2A49-4D38-8649-60AD7B721E64}
	EndGlobalSection
EndGlobal
