
Microsoft Visual Studio Solution File, Format Version 12.00
# Visual Studio Version 16
VisualStudioVersion = 16.0.29201.188
MinimumVisualStudioVersion = 10.0.40219.1
Project("{FAE04EC0-301F-11D3-BF4B-00C04F79EFBC}") = "Opg_25_1_DebugTest", "DebugTest\Opg_25_1_DebugTest.csproj", "{C3EEC562-855C-437A-976B-366BF14E949E}"
EndProject
Project("{FAE04EC0-301F-11D3-BF4B-00C04F79EFBC}") = "BrugAfVariabler", "BrugAfVariabler\BrugAfVariabler.csproj", "{1741B787-B9C0-4F22-8D95-C0903A4EE264}"
EndProject
Global
	GlobalSection(SolutionConfigurationPlatforms) = preSolution
		Debug|Any CPU = Debug|Any CPU
		Release|Any CPU = Release|Any CPU
	EndGlobalSection
	GlobalSection(ProjectConfigurationPlatforms) = postSolution
		{C3EEC562-855C-437A-976B-366BF14E949E}.Debug|Any CPU.ActiveCfg = Debug|Any CPU
		{C3EEC562-855C-437A-976B-366BF14E949E}.Debug|Any CPU.Build.0 = Debug|Any CPU
		{C3EEC562-855C-437A-976B-366BF14E949E}.Release|Any CPU.ActiveCfg = Release|Any CPU
		{C3EEC562-855C-437A-976B-366BF14E949E}.Release|Any CPU.Build.0 = Release|Any CPU
		{1741B787-B9C0-4F22-8D95-C0903A4EE264}.Debug|Any CPU.ActiveCfg = Debug|Any CPU
		{1741B787-B9C0-4F22-8D95-C0903A4EE264}.Debug|Any CPU.Build.0 = Debug|Any CPU
		{1741B787-B9C0-4F22-8D95-C0903A4EE264}.Release|Any CPU.ActiveCfg = Release|Any CPU
		{1741B787-B9C0-4F22-8D95-C0903A4EE264}.Release|Any CPU.Build.0 = Release|Any CPU
	EndGlobalSection
	GlobalSection(SolutionProperties) = preSolution
		HideSolutionNode = FALSE
	EndGlobalSection
	GlobalSection(ExtensibilityGlobals) = postSolution
		SolutionGuid = {58B38234-2A49-4D38-8649-60AD7B721E64}
	EndGlobalSection
EndGlobal
